
Microsoft Visual Studio Solution File, Format Version 12.00
# Visual Studio Version 16
VisualStudioVersion = 16.0.30413.136
MinimumVisualStudioVersion = 10.0.40219.1
Project("{FAE04EC0-301F-11D3-BF4B-00C04F79EFBC}") = "ConsoleInheritance", "ConsoleInheritance\ConsoleInheritance.csproj", "{C0626E76-164B-4C77-A8DF-A8F783A3748A}"
EndProject
Global
	GlobalSection(SolutionConfigurationPlatforms) = preSolution
		Debug|Any CPU = Debug|Any CPU
		Release|Any CPU = Release|Any CPU
	EndGlobalSection
	GlobalSection(ProjectConfigurationPlatforms) = postSolution
		{C0626E76-164B-4C77-A8DF-A8F783A3748A}.Debug|Any CPU.ActiveCfg = Debug|Any CPU
		{C0626E76-164B-4C77-A8DF-A8F783A3748A}.Debug|Any CPU.Build.0 = Debug|Any CPU
		{C0626E76-164B-4C77-A8DF-A8F783A3748A}.Release|Any CPU.ActiveCfg = Release|Any CPU
		{C0626E76-164B-4C77-A8DF-A8F783A3748A}.Release|Any CPU.Build.0 = Release|Any CPU
	EndGlobalSection
	GlobalSection(SolutionProperties) = preSolution
		HideSolutionNode = FALSE
	EndGlobalSection
	GlobalSection(ExtensibilityGlobals) = postSolution
		SolutionGuid = {610E9A6B-A667-4583-B13B-9DF283CB8E66}
	EndGlobalSection
EndGlobal
